
Microsoft Visual Studio Solution File, Format Version 12.00
# Visual Studio Version 16
VisualStudioVersion = 16.0.30523.141
MinimumVisualStudioVersion = 10.0.40219.1
Project("{FAE04EC0-301F-11D3-BF4B-00C04F79EFBC}") = "MainExe", "MainExe\MainExe.csproj", "{A16DBE86-A1DB-4B2B-BF66-3CEAEFD3C249}"
EndProject
Project("{FAE04EC0-301F-11D3-BF4B-00C04F79EFBC}") = "Entities", "Entities\Entities.csproj", "{4E32F31C-6134-4196-8111-9D2917B63002}"
EndProject
Global
	GlobalSection(SolutionConfigurationPlatforms) = preSolution
		Debug|Any CPU = Debug|Any CPU
		Release|Any CPU = Release|Any CPU
	EndGlobalSection
	GlobalSection(ProjectConfigurationPlatforms) = postSolution
		{A16DBE86-A1DB-4B2B-BF66-3CEAEFD3C249}.Debug|Any CPU.ActiveCfg = Debug|Any CPU
		{A16DBE86-A1DB-4B2B-BF66-3CEAEFD3C249}.Debug|Any CPU.Build.0 = Debug|Any CPU
		{A16DBE86-A1DB-4B2B-BF66-3CEAEFD3C249}.Release|Any CPU.ActiveCfg = Release|Any CPU
		{A16DBE86-A1DB-4B2B-BF66-3CEAEFD3C249}.Release|Any CPU.Build.0 = Release|Any CPU
		{4E32F31C-6134-4196-8111-9D2917B63002}.Debug|Any CPU.ActiveCfg = Debug|Any CPU
		{4E32F31C-6134-4196-8111-9D2917B63002}.Debug|Any CPU.Build.0 = Debug|Any CPU
		{4E32F31C-6134-4196-8111-9D2917B63002}.Release|Any CPU.ActiveCfg = Release|Any CPU
		{4E32F31C-6134-4196-8111-9D2917B63002}.Release|Any CPU.Build.0 = Release|Any CPU
	EndGlobalSection
	GlobalSection(SolutionProperties) = preSolution
		HideSolutionNode = FALSE
	EndGlobalSection
	GlobalSection(ExtensibilityGlobals) = postSolution
		SolutionGuid = {8109AA7A-DEA9-43E0-AA3B-B68C137DF818}
	EndGlobalSection
EndGlobal
